{
  "meteor": {},
  "dependencies": {
    "basePackages": {
      "jade": {},
      "iron-router": {},
      "leaflet": {},
      "less-bootstrap-3": {},
      "accounts-ui-bootstrap-3": {}
    },
    "packages": {
      "jade": {
        "git": "https://github.com/mquandalle/meteor-jade.git",
        "tag": "v0.2.4",
        "commit": "a47a4c59daaa57e7fe5f1544d4ea76d95a5c9abf"
      },
      "iron-router": {
        "git": "https://github.com/EventedMind/iron-router.git",
        "tag": "v0.7.1",
        "commit": "d1ffb3f06ea4c112132b030f2eb1a70b81675ecb"
      },
      "leaflet": {
        "git": "https://github.com/bevanhunt/meteor-leaflet.git",
        "tag": "v0.3.8",
        "commit": "84caaa2e8aac1c7f7b585a6b64163a1de406add4"
      },
      "less-bootstrap-3": {
        "git": "https://github.com/DerMambo/less-bootstrap-3.git",
        "tag": "v0.0.1",
        "commit": "1321ac0ebc809bc354186b96f4c28b7042e38507"
      },
      "accounts-ui-bootstrap-3": {
        "git": "https://github.com/mangasocial/meteor-accounts-ui-bootstrap-3.git",
        "tag": "v0.3.2",
        "commit": "8686c0d3107cf48c72a5500b027f081c7e79dbbc"
      },
      "blaze-layout": {
        "git": "https://github.com/EventedMind/blaze-layout.git",
        "tag": "v0.2.4",
        "commit": "b40e9b0612329288d75cf52ad14a7da64bb8618f"
      }
    }
  }
}
